PODS:
  - Alamofire (4.7.2)
  - RxSwift (4.2.0)

DEPENDENCIES:
  - Alamofire (= 4.7.2)
  - RxSwift (= 4.2.0)

SPEC REPOS:
  https://github.com/cocoapods/specs.git:
    - Alamofire
    - RxSwift

SPEC CHECKSUMS:
  Alamofire: e4fa87002c137ba2d8d634d2c51fabcda0d5c223
  RxSwift: 99e10317ddfcc7fbe01356aafd118fde4a0be104

PODFILE CHECKSUM: 6ff10ab8300030a3263b757489924bcf5c231ba2

COCOAPODS: 1.6.0.beta.2
