// !$*UTF8*$!
{
	archiveVersion = 1;
	classes = {
	};
	objectVersion = 50;
	objects = {

/* Begin PBXBuildFile section */
		74DDD56DA5F94E9BCC1C110D /* Pods_StockMenu.framework in Frameworks */ = {isa = PBXBuildFile; fileRef = 0EE333227F1079A820641FE7 /* Pods_StockMenu.framework */; };
		93E0A4FC2188A34000527A48 /* AppDelegate.swift in Sources */ = {isa = PBXBuildFile; fileRef = 93E0A4FB2188A34000527A48 /* AppDelegate.swift */; };
		93E0A5012188A34100527A48 /* MainMenu.xib in Resources */ = {isa = PBXBuildFile; fileRef = 93E0A4FF2188A34100527A48 /* MainMenu.xib */; };
		93E0A50A2188A46600527A48 /* StockMenuController.swift in Sources */ = {isa = PBXBuildFile; fileRef = 93E0A5092188A46600527A48 /* StockMenuController.swift */; };
		93E0A50C2188A65B00527A48 /* Assets.xcassets in Resources */ = {isa = PBXBuildFile; fileRef = 93E0A50B2188A65B00527A48 /* Assets.xcassets */; };
		93E0A54D2189FE0A00527A48 /* StockView.swift in Sources */ = {isa = PBXBuildFile; fileRef = 93E0A54C2189FE0A00527A48 /* StockView.swift */; };
		93E0A5502189FEC400527A48 /* StockDataModel.swift in Sources */ = {isa = PBXBuildFile; fileRef = 93E0A54F2189FEC400527A48 /* StockDataModel.swift */; };
		93E0A558218C840600527A48 /* StockApi.swift in Sources */ = {isa = PBXBuildFile; fileRef = 93E0A557218C840600527A48 /* StockApi.swift */; };
		93E0A55A218C9ECF00527A48 /* StockError.swift in Sources */ = {isa = PBXBuildFile; fileRef = 93E0A559218C9ECF00527A48 /* StockError.swift */; };
		93E0A55C218CA6CC00527A48 /* RollView.swift in Sources */ = {isa = PBXBuildFile; fileRef = 93E0A55B218CA6CC00527A48 /* RollView.swift */; };
		93E0A55F218D7A4D00527A48 /* StockManagerWindowController.swift in Sources */ = {isa = PBXBuildFile; fileRef = 93E0A55D218D7A4D00527A48 /* StockManagerWindowController.swift */; };
		93E0A560218D7A4D00527A48 /* StockManagerWindowController.xib in Resources */ = {isa = PBXBuildFile; fileRef = 93E0A55E218D7A4D00527A48 /* StockManagerWindowController.xib */; };
/* End PBXBuildFile section */

/* Begin PBXFileReference section */
		0392B6286E0910F76382AE6C /* Pods-StockMenu.release.xcconfig */ = {isa = PBXFileReference; includeInIndex = 1; lastKnownFileType = text.xcconfig; name = "Pods-StockMenu.release.xcconfig"; path = "Target Support Files/Pods-StockMenu/Pods-StockMenu.release.xcconfig"; sourceTree = "<group>"; };
		0EE333227F1079A820641FE7 /* Pods_StockMenu.framework */ = {isa = PBXFileReference; explicitFileType = wrapper.framework; includeInIndex = 0; path = Pods_StockMenu.framework; sourceTree = BUILT_PRODUCTS_DIR; };
		46E3276B5978330A5CFA732B /* Pods-StockMenu.debug.xcconfig */ = {isa = PBXFileReference; includeInIndex = 1; lastKnownFileType = text.xcconfig; name = "Pods-StockMenu.debug.xcconfig"; path = "Target Support Files/Pods-StockMenu/Pods-StockMenu.debug.xcconfig"; sourceTree = "<group>"; };
		93E0A4F82188A34000527A48 /* StockMenu.app */ = {isa = PBXFileReference; explicitFileType = wrapper.application; includeInIndex = 0; path = StockMenu.app; sourceTree = BUILT_PRODUCTS_DIR; };
		93E0A4FB2188A34000527A48 /* AppDelegate.swift */ = {isa = PBXFileReference; lastKnownFileType = sourcecode.swift; path = AppDelegate.swift; sourceTree = "<group>"; };
		93E0A5002188A34100527A48 /* Base */ = {isa = PBXFileReference; lastKnownFileType = file.xib; name = Base; path = Base.lproj/MainMenu.xib; sourceTree = "<group>"; };
		93E0A5022188A34100527A48 /* Info.plist */ = {isa = PBXFileReference; lastKnownFileType = text.plist.xml; path = Info.plist; sourceTree = "<group>"; };
		93E0A5032188A34100527A48 /* StockMenu.entitlements */ = {isa = PBXFileReference; lastKnownFileType = text.plist.entitlements; path = StockMenu.entitlements; sourceTree = "<group>"; };
		93E0A5092188A46600527A48 /* StockMenuController.swift */ = {isa = PBXFileReference; lastKnownFileType = sourcecode.swift; path = StockMenuController.swift; sourceTree = "<group>"; };
		93E0A50B2188A65B00527A48 /* Assets.xcassets */ = {isa = PBXFileReference; lastKnownFileType = folder.assetcatalog; path = Assets.xcassets; sourceTree = "<group>"; };
		93E0A54C2189FE0A00527A48 /* StockView.swift */ = {isa = PBXFileReference; lastKnownFileType = sourcecode.swift; path = StockView.swift; sourceTree = "<group>"; };
		93E0A54F2189FEC400527A48 /* StockDataModel.swift */ = {isa = PBXFileReference; lastKnownFileType = sourcecode.swift; path = StockDataModel.swift; sourceTree = "<group>"; };
		93E0A557218C840600527A48 /* StockApi.swift */ = {isa = PBXFileReference; lastKnownFileType = sourcecode.swift; path = StockApi.swift; sourceTree = "<group>"; };
		93E0A559218C9ECF00527A48 /* StockError.swift */ = {isa = PBXFileReference; lastKnownFileType = sourcecode.swift; path = StockError.swift; sourceTree = "<group>"; };
		93E0A55B218CA6CC00527A48 /* RollView.swift */ = {isa = PBXFileReference; lastKnownFileType = sourcecode.swift; path = RollView.swift; sourceTree = "<group>"; };
		93E0A55D218D7A4D00527A48 /* StockManagerWindowController.swift */ = {isa = PBXFileReference; lastKnownFileType = sourcecode.swift; path = StockManagerWindowController.swift; sourceTree = "<group>"; };
		93E0A55E218D7A4D00527A48 /* StockManagerWindowController.xib */ = {isa = PBXFileReference; lastKnownFileType = file.xib; path = StockManagerWindowController.xib; sourceTree = "<group>"; };
/* End PBXFileReference section */

/* Begin PBXFrameworksBuildPhase section */
		93E0A4F52188A34000527A48 /* Frameworks */ = {
			isa = PBXFrameworksBuildPhase;
			buildActionMask = 2147483647;
			files = (
				74DDD56DA5F94E9BCC1C110D /* Pods_StockMenu.framework in Frameworks */,
			);
			runOnlyForDeploymentPostprocessing = 0;
		};
/* End PBXFrameworksBuildPhase section */

/* Begin PBXGroup section */
		44E8084D3A62BC30F551AB4C /* Pods */ = {
			isa = PBXGroup;
			children = (
				46E3276B5978330A5CFA732B /* Pods-StockMenu.debug.xcconfig */,
				0392B6286E0910F76382AE6C /* Pods-StockMenu.release.xcconfig */,
			);
			path = Pods;
			sourceTree = "<group>";
		};
		93E0A4EF2188A33F00527A48 = {
			isa = PBXGroup;
			children = (
				93E0A4FA2188A34000527A48 /* StockMenu */,
				93E0A4F92188A34000527A48 /* Products */,
				44E8084D3A62BC30F551AB4C /* Pods */,
				B5148F1FE7D6E94A79E54943 /* Frameworks */,
			);
			sourceTree = "<group>";
		};
		93E0A4F92188A34000527A48 /* Products */ = {
			isa = PBXGroup;
			children = (
				93E0A4F82188A34000527A48 /* StockMenu.app */,
			);
			name = Products;
			sourceTree = "<group>";
		};
		93E0A4FA2188A34000527A48 /* StockMenu */ = {
			isa = PBXGroup;
			children = (
				93E0A556218C83F900527A48 /* Api */,
				93E0A54E2189FE9C00527A48 /* Model */,
				93E0A5492189FD2A00527A48 /* StockView */,
				93E0A50B2188A65B00527A48 /* Assets.xcassets */,
				93E0A5092188A46600527A48 /* StockMenuController.swift */,
				93E0A55D218D7A4D00527A48 /* StockManagerWindowController.swift */,
				93E0A55E218D7A4D00527A48 /* StockManagerWindowController.xib */,
				93E0A4FB2188A34000527A48 /* AppDelegate.swift */,
				93E0A4FF2188A34100527A48 /* MainMenu.xib */,
				93E0A5022188A34100527A48 /* Info.plist */,
				93E0A5032188A34100527A48 /* StockMenu.entitlements */,
			);
			path = StockMenu;
			sourceTree = "<group>";
		};
		93E0A5492189FD2A00527A48 /* StockView */ = {
			isa = PBXGroup;
			children = (
				93E0A54C2189FE0A00527A48 /* StockView.swift */,
				93E0A55B218CA6CC00527A48 /* RollView.swift */,
			);
			path = StockView;
			sourceTree = "<group>";
		};
		93E0A54E2189FE9C00527A48 /* Model */ = {
			isa = PBXGroup;
			children = (
				93E0A54F2189FEC400527A48 /* StockDataModel.swift */,
			);
			path = Model;
			sourceTree = "<group>";
		};
		93E0A556218C83F900527A48 /* Api */ = {
			isa = PBXGroup;
			children = (
				93E0A557218C840600527A48 /* StockApi.swift */,
				93E0A559218C9ECF00527A48 /* StockError.swift */,
			);
			path = Api;
			sourceTree = "<group>";
		};
		B5148F1FE7D6E94A79E54943 /* Frameworks */ = {
			isa = PBXGroup;
			children = (
				0EE333227F1079A820641FE7 /* Pods_StockMenu.framework */,
			);
			name = Frameworks;
			sourceTree = "<group>";
		};
/* End PBXGroup section */

/* Begin PBXNativeTarget section */
		93E0A4F72188A34000527A48 /* StockMenu */ = {
			isa = PBXNativeTarget;
			buildConfigurationList = 93E0A5062188A34100527A48 /* Build configuration list for PBXNativeTarget "StockMenu" */;
			buildPhases = (
				9F128E340933C6808C84E078 /* [CP] Check Pods Manifest.lock */,
				93E0A4F42188A34000527A48 /* Sources */,
				93E0A4F52188A34000527A48 /* Frameworks */,
				93E0A4F62188A34000527A48 /* Resources */,
				0F441689D6694E7EEE9DCD88 /* [CP] Embed Pods Frameworks */,
			);
			buildRules = (
			);
			dependencies = (
			);
			name = StockMenu;
			productName = StockMenu;
			productReference = 93E0A4F82188A34000527A48 /* StockMenu.app */;
			productType = "com.apple.product-type.application";
		};
/* End PBXNativeTarget section */

/* Begin PBXProject section */
		93E0A4F02188A34000527A48 /* Project object */ = {
			isa = PBXProject;
			attributes = {
				LastSwiftUpdateCheck = 1000;
				LastUpgradeCheck = 1000;
				ORGANIZATIONNAME = Aaron;
				TargetAttributes = {
					93E0A4F72188A34000527A48 = {
						CreatedOnToolsVersion = 10.0;
						SystemCapabilities = {
							com.apple.Sandbox = {
								enabled = 1;
							};
						};
					};
				};
			};
			buildConfigurationList = 93E0A4F32188A34000527A48 /* Build configuration list for PBXProject "StockMenu" */;
			compatibilityVersion = "Xcode 9.3";
			developmentRegion = en;
			hasScannedForEncodings = 0;
			knownRegions = (
				en,
				Base,
			);
			mainGroup = 93E0A4EF2188A33F00527A48;
			productRefGroup = 93E0A4F92188A34000527A48 /* Products */;
			projectDirPath = "";
			projectRoot = "";
			targets = (
				93E0A4F72188A34000527A48 /* StockMenu */,
			);
		};
/* End PBXProject section */

/* Begin PBXResourcesBuildPhase section */
		93E0A4F62188A34000527A48 /* Resources */ = {
			isa = PBXResourcesBuildPhase;
			buildActionMask = 2147483647;
			files = (
				93E0A50C2188A65B00527A48 /* Assets.xcassets in Resources */,
				93E0A560218D7A4D00527A48 /* StockManagerWindowController.xib in Resources */,
				93E0A5012188A34100527A48 /* MainMenu.xib in Resources */,
			);
			runOnlyForDeploymentPostprocessing = 0;
		};
/* End PBXResourcesBuildPhase section */

/* Begin PBXShellScriptBuildPhase section */
		0F441689D6694E7EEE9DCD88 /* [CP] Embed Pods Frameworks */ = {
			isa = PBXShellScriptBuildPhase;
			buildActionMask = 2147483647;
			files = (
			);
			inputFileListPaths = (
			);
			inputPaths = (
				"${PODS_ROOT}/Target Support Files/Pods-StockMenu/Pods-StockMenu-frameworks.sh",
				"${BUILT_PRODUCTS_DIR}/Alamofire/Alamofire.framework",
				"${BUILT_PRODUCTS_DIR}/RxSwift/RxSwift.framework",
			);
			name = "[CP] Embed Pods Frameworks";
			outputFileListPaths = (
			);
			outputPaths = (
				"${TARGET_BUILD_DIR}/${FRAMEWORKS_FOLDER_PATH}/Alamofire.framework",
				"${TARGET_BUILD_DIR}/${FRAMEWORKS_FOLDER_PATH}/RxSwift.framework",
			);
			runOnlyForDeploymentPostprocessing = 0;
			shellPath = /bin/sh;
			shellScript = "\"${PODS_ROOT}/Target Support Files/Pods-StockMenu/Pods-StockMenu-frameworks.sh\"\n";
			showEnvVarsInLog = 0;
		};
		9F128E340933C6808C84E078 /* [CP] Check Pods Manifest.lock */ = {
			isa = PBXShellScriptBuildPhase;
			buildActionMask = 2147483647;
			files = (
			);
			inputFileListPaths = (
			);
			inputPaths = (
				"${PODS_PODFILE_DIR_PATH}/Podfile.lock",
				"${PODS_ROOT}/Manifest.lock",
			);
			name = "[CP] Check Pods Manifest.lock";
			outputFileListPaths = (
			);
			outputPaths = (
				"$(DERIVED_FILE_DIR)/Pods-StockMenu-checkManifestLockResult.txt",
			);
			runOnlyForDeploymentPostprocessing = 0;
			shellPath = /bin/sh;
			shellScript = "diff \"${PODS_PODFILE_DIR_PATH}/Podfile.lock\" \"${PODS_ROOT}/Manifest.lock\" > /dev/null\nif [ $? != 0 ] ; then\n    # print error to STDERR\n    echo \"error: The sandbox is not in sync with the Podfile.lock. Run 'pod install' or update your CocoaPods installation.\" >&2\n    exit 1\nfi\n# This output is used by Xcode 'outputs' to avoid re-running this script phase.\necho \"SUCCESS\" > \"${SCRIPT_OUTPUT_FILE_0}\"\n";
			showEnvVarsInLog = 0;
		};
/* End PBXShellScriptBuildPhase section */

/* Begin PBXSourcesBuildPhase section */
		93E0A4F42188A34000527A48 /* Sources */ = {
			isa = PBXSourcesBuildPhase;
			buildActionMask = 2147483647;
			files = (
				93E0A558218C840600527A48 /* StockApi.swift in Sources */,
				93E0A55C218CA6CC00527A48 /* RollView.swift in Sources */,
				93E0A55F218D7A4D00527A48 /* StockManagerWindowController.swift in Sources */,
				93E0A54D2189FE0A00527A48 /* StockView.swift in Sources */,
				93E0A4FC2188A34000527A48 /* AppDelegate.swift in Sources */,
				93E0A55A218C9ECF00527A48 /* StockError.swift in Sources */,
				93E0A5502189FEC400527A48 /* StockDataModel.swift in Sources */,
				93E0A50A2188A46600527A48 /* StockMenuController.swift in Sources */,
			);
			runOnlyForDeploymentPostprocessing = 0;
		};
/* End PBXSourcesBuildPhase section */

/* Begin PBXVariantGroup section */
		93E0A4FF2188A34100527A48 /* MainMenu.xib */ = {
			isa = PBXVariantGroup;
			children = (
				93E0A5002188A34100527A48 /* Base */,
			);
			name = MainMenu.xib;
			sourceTree = "<group>";
		};
/* End PBXVariantGroup section */

/* Begin XCBuildConfiguration section */
		93E0A5042188A34100527A48 /* Debug */ = {
			isa = XCBuildConfiguration;
			buildSettings = {
				ALWAYS_SEARCH_USER_PATHS = NO;
				CLANG_ANALYZER_NONNULL = YES;
				CLANG_ANALYZER_NUMBER_OBJECT_CONVERSION = YES_AGGRESSIVE;
				CLANG_CXX_LANGUAGE_STANDARD = "gnu++14";
				CLANG_CXX_LIBRARY = "libc++";
				CLANG_ENABLE_MODULES = YES;
				CLANG_ENABLE_OBJC_ARC = YES;
				CLANG_ENABLE_OBJC_WEAK = YES;
				CLANG_WARN_BLOCK_CAPTURE_AUTORELEASING = YES;
				CLANG_WARN_BOOL_CONVERSION = YES;
				CLANG_WARN_COMMA = YES;
				CLANG_WARN_CONSTANT_CONVERSION = YES;
				CLANG_WARN_DEPRECATED_OBJC_IMPLEMENTATIONS = YES;
				CLANG_WARN_DIRECT_OBJC_ISA_USAGE = YES_ERROR;
				CLANG_WARN_DOCUMENTATION_COMMENTS = YES;
				CLANG_WARN_EMPTY_BODY = YES;
				CLANG_WARN_ENUM_CONVERSION = YES;
				CLANG_WARN_INFINITE_RECURSION = YES;
				CLANG_WARN_INT_CONVERSION = YES;
				CLANG_WARN_NON_LITERAL_NULL_CONVERSION = YES;
				CLANG_WARN_OBJC_IMPLICIT_RETAIN_SELF = YES;
				CLANG_WARN_OBJC_LITERAL_CONVERSION = YES;
				CLANG_WARN_OBJC_ROOT_CLASS = YES_ERROR;
				CLANG_WARN_RANGE_LOOP_ANALYSIS = YES;
				CLANG_WARN_STRICT_PROTOTYPES = YES;
				CLANG_WARN_SUSPICIOUS_MOVE = YES;
				CLANG_WARN_UNGUARDED_AVAILABILITY = YES_AGGRESSIVE;
				CLANG_WARN_UNREACHABLE_CODE = YES;
				CLANG_WARN__DUPLICATE_METHOD_MATCH = YES;
				CODE_SIGN_IDENTITY = "-";
				COPY_PHASE_STRIP = NO;
				DEBUG_INFORMATION_FORMAT = dwarf;
				ENABLE_STRICT_OBJC_MSGSEND = YES;
				ENABLE_TESTABILITY = YES;
				GCC_C_LANGUAGE_STANDARD = gnu11;
				GCC_DYNAMIC_NO_PIC = NO;
				GCC_NO_COMMON_BLOCKS = YES;
				GCC_OPTIMIZATION_LEVEL = 0;
				GCC_PREPROCESSOR_DEFINITIONS = (
					"DEBUG=1",
					"$(inherited)",
				);
				GCC_WARN_64_TO_32_BIT_CONVERSION = YES;
				GCC_WARN_ABOUT_RETURN_TYPE = YES_ERROR;
				GCC_WARN_UNDECLARED_SELECTOR = YES;
				GCC_WARN_UNINITIALIZED_AUTOS = YES_AGGRESSIVE;
				GCC_WARN_UNUSED_FUNCTION = YES;
				GCC_WARN_UNUSED_VARIABLE = YES;
				MACOSX_DEPLOYMENT_TARGET = 10.12;
				MTL_ENABLE_DEBUG_INFO = INCLUDE_SOURCE;
				MTL_FAST_MATH = YES;
				ONLY_ACTIVE_ARCH = YES;
				SDKROOT = macosx;
				SWIFT_ACTIVE_COMPILATION_CONDITIONS = DEBUG;
				SWIFT_OPTIMIZATION_LEVEL = "-Onone";
				SWIFT_VERSION = 4.0;
			};
			name = Debug;
		};
		93E0A5052188A34100527A48 /* Release */ = {
			isa = XCBuildConfiguration;
			buildSettings = {
				ALWAYS_SEARCH_USER_PATHS = NO;
				CLANG_ANALYZER_NONNULL = YES;
				CLANG_ANALYZER_NUMBER_OBJECT_CONVERSION = YES_AGGRESSIVE;
				CLANG_CXX_LANGUAGE_STANDARD = "gnu++14";
				CLANG_CXX_LIBRARY = "libc++";
				CLANG_ENABLE_MODULES = YES;
				CLANG_ENABLE_OBJC_ARC = YES;
				CLANG_ENABLE_OBJC_WEAK = YES;
				CLANG_WARN_BLOCK_CAPTURE_AUTORELEASING = YES;
				CLANG_WARN_BOOL_CONVERSION = YES;
				CLANG_WARN_COMMA = YES;
				CLANG_WARN_CONSTANT_CONVERSION = YES;
				CLANG_WARN_DEPRECATED_OBJC_IMPLEMENTATIONS = YES;
				CLANG_WARN_DIRECT_OBJC_ISA_USAGE = YES_ERROR;
				CLANG_WARN_DOCUMENTATION_COMMENTS = YES;
				CLANG_WARN_EMPTY_BODY = YES;
				CLANG_WARN_ENUM_CONVERSION = YES;
				CLANG_WARN_INFINITE_RECURSION = YES;
				CLANG_WARN_INT_CONVERSION = YES;
				CLANG_WARN_NON_LITERAL_NULL_CONVERSION = YES;
				CLANG_WARN_OBJC_IMPLICIT_RETAIN_SELF = YES;
				CLANG_WARN_OBJC_LITERAL_CONVERSION = YES;
				CLANG_WARN_OBJC_ROOT_CLASS = YES_ERROR;
				CLANG_WARN_RANGE_LOOP_ANALYSIS = YES;
				CLANG_WARN_STRICT_PROTOTYPES = YES;
				CLANG_WARN_SUSPICIOUS_MOVE = YES;
				CLANG_WARN_UNGUARDED_AVAILABILITY = YES_AGGRESSIVE;
				CLANG_WARN_UNREACHABLE_CODE = YES;
				CLANG_WARN__DUPLICATE_METHOD_MATCH = YES;
				CODE_SIGN_IDENTITY = "-";
				COPY_PHASE_STRIP = NO;
				DEBUG_INFORMATION_FORMAT = "dwarf-with-dsym";
				ENABLE_NS_ASSERTIONS = NO;
				ENABLE_STRICT_OBJC_MSGSEND = YES;
				GCC_C_LANGUAGE_STANDARD = gnu11;
				GCC_NO_COMMON_BLOCKS = YES;
				GCC_WARN_64_TO_32_BIT_CONVERSION = YES;
				GCC_WARN_ABOUT_RETURN_TYPE = YES_ERROR;
				GCC_WARN_UNDECLARED_SELECTOR = YES;
				GCC_WARN_UNINITIALIZED_AUTOS = YES_AGGRESSIVE;
				GCC_WARN_UNUSED_FUNCTION = YES;
				GCC_WARN_UNUSED_VARIABLE = YES;
				MACOSX_DEPLOYMENT_TARGET = 10.12;
				MTL_ENABLE_DEBUG_INFO = NO;
				MTL_FAST_MATH = YES;
				SDKROOT = macosx;
				SWIFT_COMPILATION_MODE = wholemodule;
				SWIFT_OPTIMIZATION_LEVEL = "-O";
				SWIFT_VERSION = 4.0;
			};
			name = Release;
		};
		93E0A5072188A34100527A48 /* Debug */ = {
			isa = XCBuildConfiguration;
			baseConfigurationReference = 46E3276B5978330A5CFA732B /* Pods-StockMenu.debug.xcconfig */;
			buildSettings = {
				ASSETCATALOG_COMPILER_APPICON_NAME = AppIcon;
				CODE_SIGN_ENTITLEMENTS = StockMenu/StockMenu.entitlements;
				CODE_SIGN_STYLE = Automatic;
				COMBINE_HIDPI_IMAGES = YES;
				INFOPLIST_FILE = StockMenu/Info.plist;
				LD_RUNPATH_SEARCH_PATHS = (
					"$(inherited)",
					"@executable_path/../Frameworks",
				);
				PRODUCT_BUNDLE_IDENTIFIER = com.aaron.StockMenu;
				PRODUCT_NAME = "$(TARGET_NAME)";
				SWIFT_VERSION = 4.2;
			};
			name = Debug;
		};
		93E0A5082188A34100527A48 /* Release */ = {
			isa = XCBuildConfiguration;
			baseConfigurationReference = 0392B6286E0910F76382AE6C /* Pods-StockMenu.release.xcconfig */;
			buildSettings = {
				ASSETCATALOG_COMPILER_APPICON_NAME = AppIcon;
				CODE_SIGN_ENTITLEMENTS = StockMenu/StockMenu.entitlements;
				CODE_SIGN_STYLE = Automatic;
				COMBINE_HIDPI_IMAGES = YES;
				INFOPLIST_FILE = StockMenu/Info.plist;
				LD_RUNPATH_SEARCH_PATHS = (
					"$(inherited)",
					"@executable_path/../Frameworks",
				);
				PRODUCT_BUNDLE_IDENTIFIER = com.aaron.StockMenu;
				PRODUCT_NAME = "$(TARGET_NAME)";
				SWIFT_VERSION = 4.2;
			};
			name = Release;
		};
/* End XCBuildConfiguration section */

/* Begin XCConfigurationList section */
		93E0A4F32188A34000527A48 /* Build configuration list for PBXProject "StockMenu" */ = {
			isa = XCConfigurationList;
			buildConfigurations = (
				93E0A5042188A34100527A48 /* Debug */,
				93E0A5052188A34100527A48 /* Release */,
			);
			defaultConfigurationIsVisible = 0;
			defaultConfigurationName = Release;
		};
		93E0A5062188A34100527A48 /* Build configuration list for PBXNativeTarget "StockMenu" */ = {
			isa = XCConfigurationList;
			buildConfigurations = (
				93E0A5072188A34100527A48 /* Debug */,
				93E0A5082188A34100527A48 /* Release */,
			);
			defaultConfigurationIsVisible = 0;
			defaultConfigurationName = Release;
		};
/* End XCConfigurationList section */
	};
	rootObject = 93E0A4F02188A34000527A48 /* Project object */;
}
